PODS:
  - flutter_tts (0.0.1):
    - FlutterMacOS
  - flutter_webrtc (1.4.0):
    - FlutterMacOS
    - WebRTC-SDK (= 144.7559.01)
  - FlutterMacOS (1.0.0)
  - livekit_client (2.8.1):
    - flutter_webrtc
    - FlutterMacOS
    - WebRTC-SDK (= 144.7559.01)
  - WebRTC-SDK (144.7559.01)

DEPENDENCIES:
  - flutter_tts (from `Flutter/ephemeral/.symlinks/plugins/flutter_tts/macos`)
  - flutter_webrtc (from `Flutter/ephemeral/.symlinks/plugins/flutter_webrtc/macos`)
  - FlutterMacOS (from `Flutter/ephemeral`)
  - livekit_client (from `Flutter/ephemeral/.symlinks/plugins/livekit_client/macos`)

SPEC REPOS:
  trunk:
    - WebRTC-SDK

EXTERNAL SOURCES:
  flutter_tts:
    :path: Flutter/ephemeral/.symlinks/plugins/flutter_tts/macos
  flutter_webrtc:
    :path: Flutter/ephemeral/.symlinks/plugins/flutter_webrtc/macos
  FlutterMacOS:
    :path: Flutter/ephemeral
  livekit_client:
    :path: Flutter/ephemeral/.symlinks/plugins/livekit_client/macos

SPEC CHECKSUMS:
  flutter_tts: ae915565cc6948444b513acc8ee021993281e027
  flutter_webrtc: f1fb1a00c6080461bb2bc6caa5b93d07ddb68466
  FlutterMacOS: d0db08ddef1a9af05a5ec4b724367152bb0500b1
  livekit_client: 327ec886ef09de0f2d790f7b47c02ebb6fcd3c58
  WebRTC-SDK: ab9b5319e458c2bfebdc92b3600740da35d5630d

PODFILE CHECKSUM: 346bfb2deb41d4a6ebd6f6799f92188bde2d246f

COCOAPODS: 1.16.2
